
Microsoft Visual Studio Solution File, Format Version 12.00
# Visual Studio 15
VisualStudioVersion = 15.0.28307.168
MinimumVisualStudioVersion = 10.0.40219.1
Project("{8BC9CEB8-8B4A-11D0-8D11-00A0C91BC942}") = "B893248정해빈_2019객체1", "B893248정해빈_2019객체1\B893248정해빈_2019객체1.vcxproj", "{D9061F40-FEBF-480C-ACDF-7E40DA4920BB}"
EndProject
Global
	GlobalSection(SolutionConfigurationPlatforms) = preSolution
		Debug|x64 = Debug|x64
		Debug|x86 = Debug|x86
		Release|x64 = Release|x64
		Release|x86 = Release|x86
	EndGlobalSection
	GlobalSection(ProjectConfigurationPlatforms) = postSolution
		{D9061F40-FEBF-480C-ACDF-7E40DA4920BB}.Debug|x64.ActiveCfg = Debug|x64
		{D9061F40-FEBF-480C-ACDF-7E40DA4920BB}.Debug|x64.Build.0 = Debug|x64
		{D9061F40-FEBF-480C-ACDF-7E40DA4920BB}.Debug|x86.ActiveCfg = Debug|Win32
		{D9061F40-FEBF-480C-ACDF-7E40DA4920BB}.Debug|x86.Build.0 = Debug|Win32
		{D9061F40-FEBF-480C-ACDF-7E40DA4920BB}.Release|x64.ActiveCfg = Release|x64
		{D9061F40-FEBF-480C-ACDF-7E40DA4920BB}.Release|x64.Build.0 = Release|x64
		{D9061F40-FEBF-480C-ACDF-7E40DA4920BB}.Release|x86.ActiveCfg = Release|Win32
		{D9061F40-FEBF-480C-ACDF-7E40DA4920BB}.Release|x86.Build.0 = Release|Win32
	EndGlobalSection
	GlobalSection(SolutionProperties) = preSolution
		HideSolutionNode = FALSE
	EndGlobalSection
	GlobalSection(ExtensibilityGlobals) = postSolution
		SolutionGuid = {307A6609-7998-49BF-BC3A-492AF58E65BE}
	EndGlobalSection
EndGlobal
